
Microsoft Visual Studio Solution File, Format Version 12.00
# Visual Studio Version 17
VisualStudioVersion = 17.3.32929.385
MinimumVisualStudioVersion = 10.0.40219.1
Project("{FAE04EC0-301F-11D3-BF4B-00C04F79EFBC}") = "Paper Model", "Paper Model\Paper Model.csproj", "{F521755C-F8F0-4D83-876B-940CDC693512}"
EndProject
Global
	GlobalSection(SolutionConfigurationPlatforms) = preSolution
		Debug|Any CPU = Debug|Any CPU
		Release|Any CPU = Release|Any CPU
	EndGlobalSection
	GlobalSection(ProjectConfigurationPlatforms) = postSolution
		{F521755C-F8F0-4D83-876B-940CDC693512}.Debug|Any CPU.ActiveCfg = Debug|Any CPU
		{F521755C-F8F0-4D83-876B-940CDC693512}.Debug|Any CPU.Build.0 = Debug|Any CPU
		{F521755C-F8F0-4D83-876B-940CDC693512}.Release|Any CPU.ActiveCfg = Release|Any CPU
		{F521755C-F8F0-4D83-876B-940CDC693512}.Release|Any CPU.Build.0 = Release|Any CPU
	EndGlobalSection
	GlobalSection(SolutionProperties) = preSolution
		HideSolutionNode = FALSE
	EndGlobalSection
	GlobalSection(ExtensibilityGlobals) = postSolution
		SolutionGuid = {5314CBC3-41DC-4DBA-86F8-C555D43ADC97}
	EndGlobalSection
EndGlobal
